
Microsoft Visual Studio Solution File, Format Version 12.00
# Visual Studio Version 17
VisualStudioVersion = 17.13.35931.197
MinimumVisualStudioVersion = 10.0.40219.1
Project("{FAE04EC0-301F-11D3-BF4B-00C04F79EFBC}") = "TestingDemo.Web", "TestingDemo.Web\TestingDemo.Web.csproj", "{26B63E12-9070-E6FB-87A8-323990D20C92}"
EndProject
Project("{FAE04EC0-301F-11D3-BF4B-00C04F79EFBC}") = "TestingDemo.Entities", "TestingDemo.Entities\TestingDemo.Entities.csproj", "{6DD1327C-7D07-42A4-924D-7BAAD1B353FD}"
EndProject
Project("{FAE04EC0-301F-11D3-BF4B-00C04F79EFBC}") = "TestingDemo.Tests", "TestingDemo.Tests\TestingDemo.Tests.csproj", "{5223A917-1202-4F78-BA48-95B53C89B161}"
EndProject
Project("{FAE04EC0-301F-11D3-BF4B-00C04F79EFBC}") = "TestingDemo.Api", "TestingDemo.Api\TestingDemo.Api.csproj", "{565A947A-556D-4668-80A4-2B05D6E698C2}"
EndProject
Project("{2150E333-8FDC-42A3-9474-1A3956D46DE8}") = "Solution Items", "Solution Items", "{8EC462FD-D22E-90A8-E5CE-7E832BA40C5D}"
	ProjectSection(SolutionItems) = preProject
		.editorconfig = .editorconfig
		.gitattributes = .gitattributes
		.gitignore = .gitignore
		README.md = README.md
	EndProjectSection
EndProject
Project("{FAE04EC0-301F-11D3-BF4B-00C04F79EFBC}") = "TestingDemo.Entities.Migrations", "TestingDemo.Entities.Migrations\TestingDemo.Entities.Migrations.csproj", "{E3E7DF4E-C2BF-45B0-9860-A38E4C632278}"
EndProject
Global
	GlobalSection(SolutionConfigurationPlatforms) = preSolution
		Debug|Any CPU = Debug|Any CPU
		Release|Any CPU = Release|Any CPU
	EndGlobalSection
	GlobalSection(ProjectConfigurationPlatforms) = postSolution
		{26B63E12-9070-E6FB-87A8-323990D20C92}.Debug|Any CPU.ActiveCfg = Debug|Any CPU
		{26B63E12-9070-E6FB-87A8-323990D20C92}.Debug|Any CPU.Build.0 = Debug|Any CPU
		{26B63E12-9070-E6FB-87A8-323990D20C92}.Release|Any CPU.ActiveCfg = Release|Any CPU
		{26B63E12-9070-E6FB-87A8-323990D20C92}.Release|Any CPU.Build.0 = Release|Any CPU
		{6DD1327C-7D07-42A4-924D-7BAAD1B353FD}.Debug|Any CPU.ActiveCfg = Debug|Any CPU
		{6DD1327C-7D07-42A4-924D-7BAAD1B353FD}.Debug|Any CPU.Build.0 = Debug|Any CPU
		{6DD1327C-7D07-42A4-924D-7BAAD1B353FD}.Release|Any CPU.ActiveCfg = Release|Any CPU
		{6DD1327C-7D07-42A4-924D-7BAAD1B353FD}.Release|Any CPU.Build.0 = Release|Any CPU
		{5223A917-1202-4F78-BA48-95B53C89B161}.Debug|Any CPU.ActiveCfg = Debug|Any CPU
		{5223A917-1202-4F78-BA48-95B53C89B161}.Debug|Any CPU.Build.0 = Debug|Any CPU
		{5223A917-1202-4F78-BA48-95B53C89B161}.Release|Any CPU.ActiveCfg = Release|Any CPU
		{5223A917-1202-4F78-BA48-95B53C89B161}.Release|Any CPU.Build.0 = Release|Any CPU
		{565A947A-556D-4668-80A4-2B05D6E698C2}.Debug|Any CPU.ActiveCfg = Debug|Any CPU
		{565A947A-556D-4668-80A4-2B05D6E698C2}.Debug|Any CPU.Build.0 = Debug|Any CPU
		{565A947A-556D-4668-80A4-2B05D6E698C2}.Release|Any CPU.ActiveCfg = Release|Any CPU
		{565A947A-556D-4668-80A4-2B05D6E698C2}.Release|Any CPU.Build.0 = Release|Any CPU
		{E3E7DF4E-C2BF-45B0-9860-A38E4C632278}.Debug|Any CPU.ActiveCfg = Debug|Any CPU
		{E3E7DF4E-C2BF-45B0-9860-A38E4C632278}.Debug|Any CPU.Build.0 = Debug|Any CPU
		{E3E7DF4E-C2BF-45B0-9860-A38E4C632278}.Release|Any CPU.ActiveCfg = Release|Any CPU
		{E3E7DF4E-C2BF-45B0-9860-A38E4C632278}.Release|Any CPU.Build.0 = Release|Any CPU
	EndGlobalSection
	GlobalSection(SolutionProperties) = preSolution
		HideSolutionNode = FALSE
	EndGlobalSection
	GlobalSection(ExtensibilityGlobals) = postSolution
		SolutionGuid = {69098F1C-21F8-4679-A1B8-580FFBC6051C}
	EndGlobalSection
EndGlobal
